
Microsoft Visual Studio Solution File, Format Version 12.00
# Visual Studio Version 16
VisualStudioVersion = 16.0.31229.75
MinimumVisualStudioVersion = 10.0.40219.1
Project("{FAE04EC0-301F-11D3-BF4B-00C04F79EFBC}") = "Calculator", "Calculator.csproj", "{E86C1CDD-8425-427A-84A5-60EA8A99B427}"
EndProject
Project("{FAE04EC0-301F-11D3-BF4B-00C04F79EFBC}") = "Calculator.Tests", "..\Calculator.Tests\Calculator.Tests.csproj", "{10F2ED8E-3081-40E3-84CE-B60CD7B23C10}"
EndProject
Global
	GlobalSection(SolutionConfigurationPlatforms) = preSolution
		Debug|Any CPU = Debug|Any CPU
		Release|Any CPU = Release|Any CPU
	EndGlobalSection
	GlobalSection(ProjectConfigurationPlatforms) = postSolution
		{E86C1CDD-8425-427A-84A5-60EA8A99B427}.Debug|Any CPU.ActiveCfg = Debug|Any CPU
		{E86C1CDD-8425-427A-84A5-60EA8A99B427}.Debug|Any CPU.Build.0 = Debug|Any CPU
		{E86C1CDD-8425-427A-84A5-60EA8A99B427}.Release|Any CPU.ActiveCfg = Release|Any CPU
		{E86C1CDD-8425-427A-84A5-60EA8A99B427}.Release|Any CPU.Build.0 = Release|Any CPU
		{10F2ED8E-3081-40E3-84CE-B60CD7B23C10}.Debug|Any CPU.ActiveCfg = Debug|Any CPU
		{10F2ED8E-3081-40E3-84CE-B60CD7B23C10}.Debug|Any CPU.Build.0 = Debug|Any CPU
		{10F2ED8E-3081-40E3-84CE-B60CD7B23C10}.Release|Any CPU.ActiveCfg = Release|Any CPU
		{10F2ED8E-3081-40E3-84CE-B60CD7B23C10}.Release|Any CPU.Build.0 = Release|Any CPU
	EndGlobalSection
	GlobalSection(SolutionProperties) = preSolution
		HideSolutionNode = FALSE
	EndGlobalSection
	GlobalSection(ExtensibilityGlobals) = postSolution
		SolutionGuid = {C563F590-2D9D-4905-A86A-76A593AB1718}
	EndGlobalSection
EndGlobal
